{
  "name": "usecalc",
  "version": "1.0.0",
  "lockfileVersion": 3,
  "requires": true,
  "packages": {
    "": {
      "name": "usecalc",
      "version": "1.0.0",
      "license": "ISC",
      "dependencies": {
        "scalarcalc-maulik": "^1.0.5"
      }
    },
    "node_modules/scalarcalc-maulik": {
      "version": "1.0.10",
      "resolved": "https://registry.npmjs.org/scalarcalc-maulik/-/scalarcalc-maulik-1.0.10.tgz",
      "integrity": "sha512-FgcoxgT2xUzdS94YH6pMKgSPQaDoyZY3voe54zJjzokXIlDl3J2Xl5bd+tWuZLrac7HTyHYOvQVAMXVhdQX2zA==",
      "license": "ISC"
    }
  }
}
